
Microsoft Visual Studio Solution File, Format Version 12.00
# Visual Studio Version 17
VisualStudioVersion = 17.5.33516.290
MinimumVisualStudioVersion = 10.0.40219.1
Project("{FAE04EC0-301F-11D3-BF4B-00C04F79EFBC}") = "RPS", "RPS\RPS.csproj", "{BA365C39-BBAE-4AF7-871C-16020F3124A1}"
EndProject
Global
	GlobalSection(SolutionConfigurationPlatforms) = preSolution
		Debug|Any CPU = Debug|Any CPU
		Release|Any CPU = Release|Any CPU
	EndGlobalSection
	GlobalSection(ProjectConfigurationPlatforms) = postSolution
		{BA365C39-BBAE-4AF7-871C-16020F3124A1}.Debug|Any CPU.ActiveCfg = Debug|Any CPU
		{BA365C39-BBAE-4AF7-871C-16020F3124A1}.Debug|Any CPU.Build.0 = Debug|Any CPU
		{BA365C39-BBAE-4AF7-871C-16020F3124A1}.Release|Any CPU.ActiveCfg = Release|Any CPU
		{BA365C39-BBAE-4AF7-871C-16020F3124A1}.Release|Any CPU.Build.0 = Release|Any CPU
	EndGlobalSection
	GlobalSection(SolutionProperties) = preSolution
		HideSolutionNode = FALSE
	EndGlobalSection
	GlobalSection(ExtensibilityGlobals) = postSolution
		SolutionGuid = {43BCB456-E072-42B2-8BA7-A11997756FE9}
	EndGlobalSection
EndGlobal
